// !$*UTF8*$!
{
	archiveVersion = 1;
	classes = {
	};
	objectVersion = 50;
	objects = {

/* Begin PBXBuildFile section */
		07D576132D106D768BB21406 /* Pods_Swift_demo.framework in Frameworks */ = {isa = PBXBuildFile; fileRef = 7EE4A3912A57BB131C1647DF /* Pods_Swift_demo.framework */; };
		C74F400320F48C38006B2B7B /* LibHeader.swift in Sources */ = {isa = PBXBuildFile; fileRef = C74F400220F48C38006B2B7B /* LibHeader.swift */; };
		C74F400620F48EC9006B2B7B /* NetworkTool.swift in Sources */ = {isa = PBXBuildFile; fileRef = C74F400520F48EC9006B2B7B /* NetworkTool.swift */; };
		C7910D83210F0D95005EBFF0 /* NewsListModel.swift in Sources */ = {isa = PBXBuildFile; fileRef = C7910D82210F0D95005EBFF0 /* NewsListModel.swift */; };
		C7910D8D210FF365005EBFF0 /* LZViewPager.swift in Sources */ = {isa = PBXBuildFile; fileRef = C7910D8A210FF364005EBFF0 /* LZViewPager.swift */; };
		C7910D8E210FF365005EBFF0 /* LZViewPagerContent.swift in Sources */ = {isa = PBXBuildFile; fileRef = C7910D8B210FF364005EBFF0 /* LZViewPagerContent.swift */; };
		C7910D8F210FF365005EBFF0 /* LZViewPagerHeader.swift in Sources */ = {isa = PBXBuildFile; fileRef = C7910D8C210FF364005EBFF0 /* LZViewPagerHeader.swift */; };
		C7910D92210FF482005EBFF0 /* AllNewsViewController.swift in Sources */ = {isa = PBXBuildFile; fileRef = C7910D90210FF482005EBFF0 /* AllNewsViewController.swift */; };
		C7910D93210FF482005EBFF0 /* AllNewsViewController.xib in Resources */ = {isa = PBXBuildFile; fileRef = C7910D91210FF482005EBFF0 /* AllNewsViewController.xib */; };
		C79F951620EDF4CD00F8FC09 /* AppDelegate.swift in Sources */ = {isa = PBXBuildFile; fileRef = C79F951520EDF4CD00F8FC09 /* AppDelegate.swift */; };
		C79F951820EDF4CD00F8FC09 /* ViewController.swift in Sources */ = {isa = PBXBuildFile; fileRef = C79F951720EDF4CD00F8FC09 /* ViewController.swift */; };
		C79F951B20EDF4CD00F8FC09 /* Main.storyboard in Resources */ = {isa = PBXBuildFile; fileRef = C79F951920EDF4CD00F8FC09 /* Main.storyboard */; };
		C79F951D20EDF4CE00F8FC09 /* Assets.xcassets in Resources */ = {isa = PBXBuildFile; fileRef = C79F951C20EDF4CE00F8FC09 /* Assets.xcassets */; };
		C79F952020EDF4CE00F8FC09 /* LaunchScreen.storyboard in Resources */ = {isa = PBXBuildFile; fileRef = C79F951E20EDF4CE00F8FC09 /* LaunchScreen.storyboard */; };
		C79F952B20EDF4CE00F8FC09 /* Swift_demoTests.swift in Sources */ = {isa = PBXBuildFile; fileRef = C79F952A20EDF4CE00F8FC09 /* Swift_demoTests.swift */; };
		C79F953620EDF4CE00F8FC09 /* Swift_demoUITests.swift in Sources */ = {isa = PBXBuildFile; fileRef = C79F953520EDF4CE00F8FC09 /* Swift_demoUITests.swift */; };
		C79F954520EDF4EA00F8FC09 /* MainTabBarViewController.swift in Sources */ = {isa = PBXBuildFile; fileRef = C79F954420EDF4EA00F8FC09 /* MainTabBarViewController.swift */; };
		C79F954720EDF51300F8FC09 /* FirstViewController.swift in Sources */ = {isa = PBXBuildFile; fileRef = C79F954620EDF51300F8FC09 /* FirstViewController.swift */; };
		C79F954920EDF52300F8FC09 /* SecondViewController.swift in Sources */ = {isa = PBXBuildFile; fileRef = C79F954820EDF52300F8FC09 /* SecondViewController.swift */; };
		C79F954B20EDF53100F8FC09 /* ThirdViewController.swift in Sources */ = {isa = PBXBuildFile; fileRef = C79F954A20EDF53100F8FC09 /* ThirdViewController.swift */; };
		C79F955020EDF70300F8FC09 /* FourthViewController.swift in Sources */ = {isa = PBXBuildFile; fileRef = C79F954E20EDF70300F8FC09 /* FourthViewController.swift */; };
		C79F955120EDF70300F8FC09 /* FourthViewController.xib in Resources */ = {isa = PBXBuildFile; fileRef = C79F954F20EDF70300F8FC09 /* FourthViewController.xib */; };
		C79F957720EE11C800F8FC09 /* WHSegmentView.swift in Sources */ = {isa = PBXBuildFile; fileRef = C79F957620EE11C800F8FC09 /* WHSegmentView.swift */; };
		C79F958520EE196E00F8FC09 /* Macro.swift in Sources */ = {isa = PBXBuildFile; fileRef = C79F958420EE196E00F8FC09 /* Macro.swift */; };
		C79F958920EE1B9900F8FC09 /* Color.swift in Sources */ = {isa = PBXBuildFile; fileRef = C79F958820EE1B9900F8FC09 /* Color.swift */; };
		C79F958B20EE233100F8FC09 /* KKTools.swift in Sources */ = {isa = PBXBuildFile; fileRef = C79F958A20EE233100F8FC09 /* KKTools.swift */; };
		C79F958D20EE23C900F8FC09 /* KKDeviceInfo.swift in Sources */ = {isa = PBXBuildFile; fileRef = C79F958C20EE23C900F8FC09 /* KKDeviceInfo.swift */; };
		C7D0CF27210EF0CD00CD0D36 /* BaseViewController.swift in Sources */ = {isa = PBXBuildFile; fileRef = C7D0CF26210EF0CD00CD0D36 /* BaseViewController.swift */; };
		C7D0CF29210EF10E00CD0D36 /* NewsListController.swift in Sources */ = {isa = PBXBuildFile; fileRef = C7D0CF28210EF10E00CD0D36 /* NewsListController.swift */; };
		C7D0CF2C210EF71A00CD0D36 /* NewsListTableCell.swift in Sources */ = {isa = PBXBuildFile; fileRef = C7D0CF2A210EF71A00CD0D36 /* NewsListTableCell.swift */; };
		C7D0CF2D210EF71A00CD0D36 /* NewsListTableCell.xib in Resources */ = {isa = PBXBuildFile; fileRef = C7D0CF2B210EF71A00CD0D36 /* NewsListTableCell.xib */; };
/* End PBXBuildFile section */

/* Begin PBXContainerItemProxy section */
		C79F952720EDF4CE00F8FC09 /* PBXContainerItemProxy */ = {
			isa = PBXContainerItemProxy;
			containerPortal = C79F950A20EDF4CD00F8FC09 /* Project object */;
			proxyType = 1;
			remoteGlobalIDString = C79F951120EDF4CD00F8FC09;
			remoteInfo = Swift_demo;
		};
		C79F953220EDF4CE00F8FC09 /* PBXContainerItemProxy */ = {
			isa = PBXContainerItemProxy;
			containerPortal = C79F950A20EDF4CD00F8FC09 /* Project object */;
			proxyType = 1;
			remoteGlobalIDString = C79F951120EDF4CD00F8FC09;
			remoteInfo = Swift_demo;
		};
/* End PBXContainerItemProxy section */

/* Begin PBXFileReference section */
		7EE4A3912A57BB131C1647DF /* Pods_Swift_demo.framework */ = {isa = PBXFileReference; explicitFileType = wrapper.framework; includeInIndex = 0; path = Pods_Swift_demo.framework; sourceTree = BUILT_PRODUCTS_DIR; };
		B7A1DF18BE037D9C5443DD4F /* Pods-Swift_demo.release.xcconfig */ = {isa = PBXFileReference; includeInIndex = 1; lastKnownFileType = text.xcconfig; name = "Pods-Swift_demo.release.xcconfig"; path = "Pods/Target Support Files/Pods-Swift_demo/Pods-Swift_demo.release.xcconfig"; sourceTree = "<group>"; };
		C74F400220F48C38006B2B7B /* LibHeader.swift */ = {isa = PBXFileReference; lastKnownFileType = sourcecode.swift; path = LibHeader.swift; sourceTree = "<group>"; };
		C74F400520F48EC9006B2B7B /* NetworkTool.swift */ = {isa = PBXFileReference; lastKnownFileType = sourcecode.swift; path = NetworkTool.swift; sourceTree = "<group>"; };
		C7910D82210F0D95005EBFF0 /* NewsListModel.swift */ = {isa = PBXFileReference; lastKnownFileType = sourcecode.swift; path = NewsListModel.swift; sourceTree = "<group>"; };
		C7910D8A210FF364005EBFF0 /* LZViewPager.swift */ = {isa = PBXFileReference; fileEncoding = 4; lastKnownFileType = sourcecode.swift; path = LZViewPager.swift; sourceTree = "<group>"; };
		C7910D8B210FF364005EBFF0 /* LZViewPagerContent.swift */ = {isa = PBXFileReference; fileEncoding = 4; lastKnownFileType = sourcecode.swift; path = LZViewPagerContent.swift; sourceTree = "<group>"; };
		C7910D8C210FF364005EBFF0 /* LZViewPagerHeader.swift */ = {isa = PBXFileReference; fileEncoding = 4; lastKnownFileType = sourcecode.swift; path = LZViewPagerHeader.swift; sourceTree = "<group>"; };
		C7910D90210FF482005EBFF0 /* AllNewsViewController.swift */ = {isa = PBXFileReference; lastKnownFileType = sourcecode.swift; path = AllNewsViewController.swift; sourceTree = "<group>"; };
		C7910D91210FF482005EBFF0 /* AllNewsViewController.xib */ = {isa = PBXFileReference; lastKnownFileType = file.xib; path = AllNewsViewController.xib; sourceTree = "<group>"; };
		C79F951220EDF4CD00F8FC09 /* Swift_demo.app */ = {isa = PBXFileReference; explicitFileType = wrapper.application; includeInIndex = 0; path = Swift_demo.app; sourceTree = BUILT_PRODUCTS_DIR; };
		C79F951520EDF4CD00F8FC09 /* AppDelegate.swift */ = {isa = PBXFileReference; lastKnownFileType = sourcecode.swift; path = AppDelegate.swift; sourceTree = "<group>"; };
		C79F951720EDF4CD00F8FC09 /* ViewController.swift */ = {isa = PBXFileReference; lastKnownFileType = sourcecode.swift; path = ViewController.swift; sourceTree = "<group>"; };
		C79F951A20EDF4CD00F8FC09 /* Base */ = {isa = PBXFileReference; lastKnownFileType = file.storyboard; name = Base; path = Base.lproj/Main.storyboard; sourceTree = "<group>"; };
		C79F951C20EDF4CE00F8FC09 /* Assets.xcassets */ = {isa = PBXFileReference; lastKnownFileType = folder.assetcatalog; path = Assets.xcassets; sourceTree = "<group>"; };
		C79F951F20EDF4CE00F8FC09 /* Base */ = {isa = PBXFileReference; lastKnownFileType = file.storyboard; name = Base; path = Base.lproj/LaunchScreen.storyboard; sourceTree = "<group>"; };
		C79F952120EDF4CE00F8FC09 /* Info.plist */ = {isa = PBXFileReference; lastKnownFileType = text.plist.xml; path = Info.plist; sourceTree = "<group>"; };
		C79F952620EDF4CE00F8FC09 /* Swift_demoTests.xctest */ = {isa = PBXFileReference; explicitFileType = wrapper.cfbundle; includeInIndex = 0; path = Swift_demoTests.xctest; sourceTree = BUILT_PRODUCTS_DIR; };
		C79F952A20EDF4CE00F8FC09 /* Swift_demoTests.swift */ = {isa = PBXFileReference; lastKnownFileType = sourcecode.swift; path = Swift_demoTests.swift; sourceTree = "<group>"; };
		C79F952C20EDF4CE00F8FC09 /* Info.plist */ = {isa = PBXFileReference; lastKnownFileType = text.plist.xml; path = Info.plist; sourceTree = "<group>"; };
		C79F953120EDF4CE00F8FC09 /* Swift_demoUITests.xctest */ = {isa = PBXFileReference; explicitFileType = wrapper.cfbundle; includeInIndex = 0; path = Swift_demoUITests.xctest; sourceTree = BUILT_PRODUCTS_DIR; };
		C79F953520EDF4CE00F8FC09 /* Swift_demoUITests.swift */ = {isa = PBXFileReference; lastKnownFileType = sourcecode.swift; path = Swift_demoUITests.swift; sourceTree = "<group>"; };
		C79F953720EDF4CE00F8FC09 /* Info.plist */ = {isa = PBXFileReference; lastKnownFileType = text.plist.xml; path = Info.plist; sourceTree = "<group>"; };
		C79F954420EDF4EA00F8FC09 /* MainTabBarViewController.swift */ = {isa = PBXFileReference; lastKnownFileType = sourcecode.swift; path = MainTabBarViewController.swift; sourceTree = "<group>"; };
		C79F954620EDF51300F8FC09 /* FirstViewController.swift */ = {isa = PBXFileReference; lastKnownFileType = sourcecode.swift; path = FirstViewController.swift; sourceTree = "<group>"; };
		C79F954820EDF52300F8FC09 /* SecondViewController.swift */ = {isa = PBXFileReference; lastKnownFileType = sourcecode.swift; path = SecondViewController.swift; sourceTree = "<group>"; };
		C79F954A20EDF53100F8FC09 /* ThirdViewController.swift */ = {isa = PBXFileReference; lastKnownFileType = sourcecode.swift; path = ThirdViewController.swift; sourceTree = "<group>"; };
		C79F954E20EDF70300F8FC09 /* FourthViewController.swift */ = {isa = PBXFileReference; lastKnownFileType = sourcecode.swift; path = FourthViewController.swift; sourceTree = "<group>"; };
		C79F954F20EDF70300F8FC09 /* FourthViewController.xib */ = {isa = PBXFileReference; lastKnownFileType = file.xib; path = FourthViewController.xib; sourceTree = "<group>"; };
		C79F957620EE11C800F8FC09 /* WHSegmentView.swift */ = {isa = PBXFileReference; fileEncoding = 4; lastKnownFileType = sourcecode.swift; path = WHSegmentView.swift; sourceTree = "<group>"; };
		C79F958420EE196E00F8FC09 /* Macro.swift */ = {isa = PBXFileReference; lastKnownFileType = sourcecode.swift; path = Macro.swift; sourceTree = "<group>"; };
		C79F958820EE1B9900F8FC09 /* Color.swift */ = {isa = PBXFileReference; lastKnownFileType = sourcecode.swift; path = Color.swift; sourceTree = "<group>"; };
		C79F958A20EE233100F8FC09 /* KKTools.swift */ = {isa = PBXFileReference; lastKnownFileType = sourcecode.swift; path = KKTools.swift; sourceTree = "<group>"; };
		C79F958C20EE23C900F8FC09 /* KKDeviceInfo.swift */ = {isa = PBXFileReference; lastKnownFileType = sourcecode.swift; path = KKDeviceInfo.swift; sourceTree = "<group>"; };
		C7D0CF26210EF0CD00CD0D36 /* BaseViewController.swift */ = {isa = PBXFileReference; lastKnownFileType = sourcecode.swift; path = BaseViewController.swift; sourceTree = "<group>"; };
		C7D0CF28210EF10E00CD0D36 /* NewsListController.swift */ = {isa = PBXFileReference; lastKnownFileType = sourcecode.swift; path = NewsListController.swift; sourceTree = "<group>"; };
		C7D0CF2A210EF71A00CD0D36 /* NewsListTableCell.swift */ = {isa = PBXFileReference; lastKnownFileType = sourcecode.swift; path = NewsListTableCell.swift; sourceTree = "<group>"; };
		C7D0CF2B210EF71A00CD0D36 /* NewsListTableCell.xib */ = {isa = PBXFileReference; lastKnownFileType = file.xib; path = NewsListTableCell.xib; sourceTree = "<group>"; };
		FFF8C1241372D2A3201EBCEB /* Pods-Swift_demo.debug.xcconfig */ = {isa = PBXFileReference; includeInIndex = 1; lastKnownFileType = text.xcconfig; name = "Pods-Swift_demo.debug.xcconfig"; path = "Pods/Target Support Files/Pods-Swift_demo/Pods-Swift_demo.debug.xcconfig"; sourceTree = "<group>"; };
/* End PBXFileReference section */

/* Begin PBXFrameworksBuildPhase section */
		C79F950F20EDF4CD00F8FC09 /* Frameworks */ = {
			isa = PBXFrameworksBuildPhase;
			buildActionMask = 2147483647;
			files = (
				07D576132D106D768BB21406 /* Pods_Swift_demo.framework in Frameworks */,
			);
			runOnlyForDeploymentPostprocessing = 0;
		};
		C79F952320EDF4CE00F8FC09 /* Frameworks */ = {
			isa = PBXFrameworksBuildPhase;
			buildActionMask = 2147483647;
			files = (
			);
			runOnlyForDeploymentPostprocessing = 0;
		};
		C79F952E20EDF4CE00F8FC09 /* Frameworks */ = {
			isa = PBXFrameworksBuildPhase;
			buildActionMask = 2147483647;
			files = (
			);
			runOnlyForDeploymentPostprocessing = 0;
		};
/* End PBXFrameworksBuildPhase section */

/* Begin PBXGroup section */
		6B78A921DA06C7C8681072C0 /* Frameworks */ = {
			isa = PBXGroup;
			children = (
				7EE4A3912A57BB131C1647DF /* Pods_Swift_demo.framework */,
			);
			name = Frameworks;
			sourceTree = "<group>";
		};
		9E584F973369D9C0F6095111 /* Pods */ = {
			isa = PBXGroup;
			children = (
				FFF8C1241372D2A3201EBCEB /* Pods-Swift_demo.debug.xcconfig */,
				B7A1DF18BE037D9C5443DD4F /* Pods-Swift_demo.release.xcconfig */,
			);
			name = Pods;
			sourceTree = "<group>";
		};
		C787E39220EF73970017FFF8 /* Controller */ = {
			isa = PBXGroup;
			children = (
				C7D0CF22210EF07B00CD0D36 /* News */,
				C787E39320EF73BC0017FFF8 /* Base */,
				C79F954320EDF4D600F8FC09 /* Tabbar */,
				C79F957920EE11E100F8FC09 /* Main */,
			);
			path = Controller;
			sourceTree = "<group>";
		};
		C787E39320EF73BC0017FFF8 /* Base */ = {
			isa = PBXGroup;
			children = (
				C7D0CF26210EF0CD00CD0D36 /* BaseViewController.swift */,
			);
			path = Base;
			sourceTree = "<group>";
		};
		C7910D89210FF364005EBFF0 /* LZViewPager */ = {
			isa = PBXGroup;
			children = (
				C7910D8A210FF364005EBFF0 /* LZViewPager.swift */,
				C7910D8B210FF364005EBFF0 /* LZViewPagerContent.swift */,
				C7910D8C210FF364005EBFF0 /* LZViewPagerHeader.swift */,
			);
			path = LZViewPager;
			sourceTree = "<group>";
		};
		C79F950920EDF4CD00F8FC09 = {
			isa = PBXGroup;
			children = (
				C79F951420EDF4CD00F8FC09 /* Swift_demo */,
				C79F952920EDF4CE00F8FC09 /* Swift_demoTests */,
				C79F953420EDF4CE00F8FC09 /* Swift_demoUITests */,
				C79F951320EDF4CD00F8FC09 /* Products */,
				9E584F973369D9C0F6095111 /* Pods */,
				6B78A921DA06C7C8681072C0 /* Frameworks */,
			);
			sourceTree = "<group>";
		};
		C79F951320EDF4CD00F8FC09 /* Products */ = {
			isa = PBXGroup;
			children = (
				C79F951220EDF4CD00F8FC09 /* Swift_demo.app */,
				C79F952620EDF4CE00F8FC09 /* Swift_demoTests.xctest */,
				C79F953120EDF4CE00F8FC09 /* Swift_demoUITests.xctest */,
			);
			name = Products;
			sourceTree = "<group>";
		};
		C79F951420EDF4CD00F8FC09 /* Swift_demo */ = {
			isa = PBXGroup;
			children = (
				C79F957820EE11D500F8FC09 /* Class */,
				C79F951520EDF4CD00F8FC09 /* AppDelegate.swift */,
				C79F951720EDF4CD00F8FC09 /* ViewController.swift */,
				C79F951920EDF4CD00F8FC09 /* Main.storyboard */,
				C79F951C20EDF4CE00F8FC09 /* Assets.xcassets */,
				C79F951E20EDF4CE00F8FC09 /* LaunchScreen.storyboard */,
				C79F952120EDF4CE00F8FC09 /* Info.plist */,
			);
			path = Swift_demo;
			sourceTree = "<group>";
		};
		C79F952920EDF4CE00F8FC09 /* Swift_demoTests */ = {
			isa = PBXGroup;
			children = (
				C79F952A20EDF4CE00F8FC09 /* Swift_demoTests.swift */,
				C79F952C20EDF4CE00F8FC09 /* Info.plist */,
			);
			path = Swift_demoTests;
			sourceTree = "<group>";
		};
		C79F953420EDF4CE00F8FC09 /* Swift_demoUITests */ = {
			isa = PBXGroup;
			children = (
				C79F953520EDF4CE00F8FC09 /* Swift_demoUITests.swift */,
				C79F953720EDF4CE00F8FC09 /* Info.plist */,
			);
			path = Swift_demoUITests;
			sourceTree = "<group>";
		};
		C79F954320EDF4D600F8FC09 /* Tabbar */ = {
			isa = PBXGroup;
			children = (
				C79F954420EDF4EA00F8FC09 /* MainTabBarViewController.swift */,
			);
			path = Tabbar;
			sourceTree = "<group>";
		};
		C79F957420EE11B000F8FC09 /* Lib */ = {
			isa = PBXGroup;
			children = (
				C7910D89210FF364005EBFF0 /* LZViewPager */,
				C79F957520EE11B700F8FC09 /* Segment */,
			);
			path = Lib;
			sourceTree = "<group>";
		};
		C79F957520EE11B700F8FC09 /* Segment */ = {
			isa = PBXGroup;
			children = (
				C79F957620EE11C800F8FC09 /* WHSegmentView.swift */,
			);
			path = Segment;
			sourceTree = "<group>";
		};
		C79F957820EE11D500F8FC09 /* Class */ = {
			isa = PBXGroup;
			children = (
				C787E39220EF73970017FFF8 /* Controller */,
				C79F957E20EE189400F8FC09 /* Header */,
				C79F957D20EE188400F8FC09 /* Tools */,
				C79F957420EE11B000F8FC09 /* Lib */,
			);
			path = Class;
			sourceTree = "<group>";
		};
		C79F957920EE11E100F8FC09 /* Main */ = {
			isa = PBXGroup;
			children = (
				C79F957C20EE11FF00F8FC09 /* M */,
				C79F957B20EE11FB00F8FC09 /* V */,
				C79F957A20EE11F700F8FC09 /* C */,
			);
			path = Main;
			sourceTree = "<group>";
		};
		C79F957A20EE11F700F8FC09 /* C */ = {
			isa = PBXGroup;
			children = (
				C79F954620EDF51300F8FC09 /* FirstViewController.swift */,
				C79F954820EDF52300F8FC09 /* SecondViewController.swift */,
				C79F954A20EDF53100F8FC09 /* ThirdViewController.swift */,
				C79F954E20EDF70300F8FC09 /* FourthViewController.swift */,
				C79F954F20EDF70300F8FC09 /* FourthViewController.xib */,
			);
			path = C;
			sourceTree = "<group>";
		};
		C79F957B20EE11FB00F8FC09 /* V */ = {
			isa = PBXGroup;
			children = (
			);
			path = V;
			sourceTree = "<group>";
		};
		C79F957C20EE11FF00F8FC09 /* M */ = {
			isa = PBXGroup;
			children = (
			);
			path = M;
			sourceTree = "<group>";
		};
		C79F957D20EE188400F8FC09 /* Tools */ = {
			isa = PBXGroup;
			children = (
				C79F958A20EE233100F8FC09 /* KKTools.swift */,
				C79F958C20EE23C900F8FC09 /* KKDeviceInfo.swift */,
				C74F400520F48EC9006B2B7B /* NetworkTool.swift */,
			);
			path = Tools;
			sourceTree = "<group>";
		};
		C79F957E20EE189400F8FC09 /* Header */ = {
			isa = PBXGroup;
			children = (
				C79F958420EE196E00F8FC09 /* Macro.swift */,
				C79F958820EE1B9900F8FC09 /* Color.swift */,
				C74F400220F48C38006B2B7B /* LibHeader.swift */,
			);
			path = Header;
			sourceTree = "<group>";
		};
		C7D0CF22210EF07B00CD0D36 /* News */ = {
			isa = PBXGroup;
			children = (
				C7D0CF25210EF09B00CD0D36 /* C */,
				C7D0CF24210EF09700CD0D36 /* V */,
				C7D0CF23210EF09100CD0D36 /* M */,
			);
			path = News;
			sourceTree = "<group>";
		};
		C7D0CF23210EF09100CD0D36 /* M */ = {
			isa = PBXGroup;
			children = (
				C7910D82210F0D95005EBFF0 /* NewsListModel.swift */,
			);
			path = M;
			sourceTree = "<group>";
		};
		C7D0CF24210EF09700CD0D36 /* V */ = {
			isa = PBXGroup;
			children = (
				C7D0CF2A210EF71A00CD0D36 /* NewsListTableCell.swift */,
				C7D0CF2B210EF71A00CD0D36 /* NewsListTableCell.xib */,
			);
			path = V;
			sourceTree = "<group>";
		};
		C7D0CF25210EF09B00CD0D36 /* C */ = {
			isa = PBXGroup;
			children = (
				C7D0CF28210EF10E00CD0D36 /* NewsListController.swift */,
				C7910D90210FF482005EBFF0 /* AllNewsViewController.swift */,
				C7910D91210FF482005EBFF0 /* AllNewsViewController.xib */,
			);
			path = C;
			sourceTree = "<group>";
		};
/* End PBXGroup section */

/* Begin PBXNativeTarget section */
		C79F951120EDF4CD00F8FC09 /* Swift_demo */ = {
			isa = PBXNativeTarget;
			buildConfigurationList = C79F953A20EDF4CE00F8FC09 /* Build configuration list for PBXNativeTarget "Swift_demo" */;
			buildPhases = (
				B8D30C04BEDB3D9ACF4A0A24 /* [CP] Check Pods Manifest.lock */,
				C79F950E20EDF4CD00F8FC09 /* Sources */,
				C79F950F20EDF4CD00F8FC09 /* Frameworks */,
				C79F951020EDF4CD00F8FC09 /* Resources */,
				575A1B88FAFCF775B3B8BB25 /* [CP] Embed Pods Frameworks */,
			);
			buildRules = (
			);
			dependencies = (
			);
			name = Swift_demo;
			productName = Swift_demo;
			productReference = C79F951220EDF4CD00F8FC09 /* Swift_demo.app */;
			productType = "com.apple.product-type.application";
		};
		C79F952520EDF4CE00F8FC09 /* Swift_demoTests */ = {
			isa = PBXNativeTarget;
			buildConfigurationList = C79F953D20EDF4CE00F8FC09 /* Build configuration list for PBXNativeTarget "Swift_demoTests" */;
			buildPhases = (
				C79F952220EDF4CE00F8FC09 /* Sources */,
				C79F952320EDF4CE00F8FC09 /* Frameworks */,
				C79F952420EDF4CE00F8FC09 /* Resources */,
			);
			buildRules = (
			);
			dependencies = (
				C79F952820EDF4CE00F8FC09 /* PBXTargetDependency */,
			);
			name = Swift_demoTests;
			productName = Swift_demoTests;
			productReference = C79F952620EDF4CE00F8FC09 /* Swift_demoTests.xctest */;
			productType = "com.apple.product-type.bundle.unit-test";
		};
		C79F953020EDF4CE00F8FC09 /* Swift_demoUITests */ = {
			isa = PBXNativeTarget;
			buildConfigurationList = C79F954020EDF4CE00F8FC09 /* Build configuration list for PBXNativeTarget "Swift_demoUITests" */;
			buildPhases = (
				C79F952D20EDF4CE00F8FC09 /* Sources */,
				C79F952E20EDF4CE00F8FC09 /* Frameworks */,
				C79F952F20EDF4CE00F8FC09 /* Resources */,
			);
			buildRules = (
			);
			dependencies = (
				C79F953320EDF4CE00F8FC09 /* PBXTargetDependency */,
			);
			name = Swift_demoUITests;
			productName = Swift_demoUITests;
			productReference = C79F953120EDF4CE00F8FC09 /* Swift_demoUITests.xctest */;
			productType = "com.apple.product-type.bundle.ui-testing";
		};
/* End PBXNativeTarget section */

/* Begin PBXProject section */
		C79F950A20EDF4CD00F8FC09 /* Project object */ = {
			isa = PBXProject;
			attributes = {
				LastSwiftUpdateCheck = 0930;
				LastUpgradeCheck = 0930;
				ORGANIZATIONNAME = "xuntou-2";
				TargetAttributes = {
					C79F951120EDF4CD00F8FC09 = {
						CreatedOnToolsVersion = 9.3;
					};
					C79F952520EDF4CE00F8FC09 = {
						CreatedOnToolsVersion = 9.3;
						TestTargetID = C79F951120EDF4CD00F8FC09;
					};
					C79F953020EDF4CE00F8FC09 = {
						CreatedOnToolsVersion = 9.3;
						TestTargetID = C79F951120EDF4CD00F8FC09;
					};
				};
			};
			buildConfigurationList = C79F950D20EDF4CD00F8FC09 /* Build configuration list for PBXProject "Swift_demo" */;
			compatibilityVersion = "Xcode 9.3";
			developmentRegion = en;
			hasScannedForEncodings = 0;
			knownRegions = (
				en,
				Base,
			);
			mainGroup = C79F950920EDF4CD00F8FC09;
			productRefGroup = C79F951320EDF4CD00F8FC09 /* Products */;
			projectDirPath = "";
			projectRoot = "";
			targets = (
				C79F951120EDF4CD00F8FC09 /* Swift_demo */,
				C79F952520EDF4CE00F8FC09 /* Swift_demoTests */,
				C79F953020EDF4CE00F8FC09 /* Swift_demoUITests */,
			);
		};
/* End PBXProject section */

/* Begin PBXResourcesBuildPhase section */
		C79F951020EDF4CD00F8FC09 /* Resources */ = {
			isa = PBXResourcesBuildPhase;
			buildActionMask = 2147483647;
			files = (
				C79F955120EDF70300F8FC09 /* FourthViewController.xib in Resources */,
				C7D0CF2D210EF71A00CD0D36 /* NewsListTableCell.xib in Resources */,
				C79F952020EDF4CE00F8FC09 /* LaunchScreen.storyboard in Resources */,
				C7910D93210FF482005EBFF0 /* AllNewsViewController.xib in Resources */,
				C79F951D20EDF4CE00F8FC09 /* Assets.xcassets in Resources */,
				C79F951B20EDF4CD00F8FC09 /* Main.storyboard in Resources */,
			);
			runOnlyForDeploymentPostprocessing = 0;
		};
		C79F952420EDF4CE00F8FC09 /* Resources */ = {
			isa = PBXResourcesBuildPhase;
			buildActionMask = 2147483647;
			files = (
			);
			runOnlyForDeploymentPostprocessing = 0;
		};
		C79F952F20EDF4CE00F8FC09 /* Resources */ = {
			isa = PBXResourcesBuildPhase;
			buildActionMask = 2147483647;
			files = (
			);
			runOnlyForDeploymentPostprocessing = 0;
		};
/* End PBXResourcesBuildPhase section */

/* Begin PBXShellScriptBuildPhase section */
		575A1B88FAFCF775B3B8BB25 /* [CP] Embed Pods Frameworks */ = {
			isa = PBXShellScriptBuildPhase;
			buildActionMask = 2147483647;
			files = (
			);
			inputPaths = (
				"${SRCROOT}/Pods/Target Support Files/Pods-Swift_demo/Pods-Swift_demo-frameworks.sh",
				"${BUILT_PRODUCTS_DIR}/Alamofire/Alamofire.framework",
				"${BUILT_PRODUCTS_DIR}/AlamofireImage/AlamofireImage.framework",
				"${BUILT_PRODUCTS_DIR}/BMPlayer/BMPlayer.framework",
				"${BUILT_PRODUCTS_DIR}/ESTabBarController-swift/ESTabBarController_swift.framework",
				"${BUILT_PRODUCTS_DIR}/FDFullscreenPopGesture/FDFullscreenPopGesture.framework",
				"${BUILT_PRODUCTS_DIR}/HandyJSON/HandyJSON.framework",
				"${BUILT_PRODUCTS_DIR}/Kingfisher/Kingfisher.framework",
				"${BUILT_PRODUCTS_DIR}/MJRefresh/MJRefresh.framework",
				"${BUILT_PRODUCTS_DIR}/NVActivityIndicatorView/NVActivityIndicatorView.framework",
				"${BUILT_PRODUCTS_DIR}/SVProgressHUD/SVProgressHUD.framework",
				"${BUILT_PRODUCTS_DIR}/SnapKit/SnapKit.framework",
				"${BUILT_PRODUCTS_DIR}/SwiftTheme/SwiftTheme.framework",
				"${BUILT_PRODUCTS_DIR}/lottie-ios/Lottie.framework",
			);
			name = "[CP] Embed Pods Frameworks";
			outputPaths = (
				"${TARGET_BUILD_DIR}/${FRAMEWORKS_FOLDER_PATH}/Alamofire.framework",
				"${TARGET_BUILD_DIR}/${FRAMEWORKS_FOLDER_PATH}/AlamofireImage.framework",
				"${TARGET_BUILD_DIR}/${FRAMEWORKS_FOLDER_PATH}/BMPlayer.framework",
				"${TARGET_BUILD_DIR}/${FRAMEWORKS_FOLDER_PATH}/ESTabBarController_swift.framework",
				"${TARGET_BUILD_DIR}/${FRAMEWORKS_FOLDER_PATH}/FDFullscreenPopGesture.framework",
				"${TARGET_BUILD_DIR}/${FRAMEWORKS_FOLDER_PATH}/HandyJSON.framework",
				"${TARGET_BUILD_DIR}/${FRAMEWORKS_FOLDER_PATH}/Kingfisher.framework",
				"${TARGET_BUILD_DIR}/${FRAMEWORKS_FOLDER_PATH}/MJRefresh.framework",
				"${TARGET_BUILD_DIR}/${FRAMEWORKS_FOLDER_PATH}/NVActivityIndicatorView.framework",
				"${TARGET_BUILD_DIR}/${FRAMEWORKS_FOLDER_PATH}/SVProgressHUD.framework",
				"${TARGET_BUILD_DIR}/${FRAMEWORKS_FOLDER_PATH}/SnapKit.framework",
				"${TARGET_BUILD_DIR}/${FRAMEWORKS_FOLDER_PATH}/SwiftTheme.framework",
				"${TARGET_BUILD_DIR}/${FRAMEWORKS_FOLDER_PATH}/Lottie.framework",
			);
			runOnlyForDeploymentPostprocessing = 0;
			shellPath = /bin/sh;
			shellScript = "\"${SRCROOT}/Pods/Target Support Files/Pods-Swift_demo/Pods-Swift_demo-frameworks.sh\"\n";
			showEnvVarsInLog = 0;
		};
		B8D30C04BEDB3D9ACF4A0A24 /* [CP] Check Pods Manifest.lock */ = {
			isa = PBXShellScriptBuildPhase;
			buildActionMask = 2147483647;
			files = (
			);
			inputPaths = (
				"${PODS_PODFILE_DIR_PATH}/Podfile.lock",
				"${PODS_ROOT}/Manifest.lock",
			);
			name = "[CP] Check Pods Manifest.lock";
			outputPaths = (
				"$(DERIVED_FILE_DIR)/Pods-Swift_demo-checkManifestLockResult.txt",
			);
			runOnlyForDeploymentPostprocessing = 0;
			shellPath = /bin/sh;
			shellScript = "diff \"${PODS_PODFILE_DIR_PATH}/Podfile.lock\" \"${PODS_ROOT}/Manifest.lock\" > /dev/null\nif [ $? != 0 ] ; then\n    # print error to STDERR\n    echo \"error: The sandbox is not in sync with the Podfile.lock. Run 'pod install' or update your CocoaPods installation.\" >&2\n    exit 1\nfi\n# This output is used by Xcode 'outputs' to avoid re-running this script phase.\necho \"SUCCESS\" > \"${SCRIPT_OUTPUT_FILE_0}\"\n";
			showEnvVarsInLog = 0;
		};
/* End PBXShellScriptBuildPhase section */

/* Begin PBXSourcesBuildPhase section */
		C79F950E20EDF4CD00F8FC09 /* Sources */ = {
			isa = PBXSourcesBuildPhase;
			buildActionMask = 2147483647;
			files = (
				C7D0CF29210EF10E00CD0D36 /* NewsListController.swift in Sources */,
				C79F954520EDF4EA00F8FC09 /* MainTabBarViewController.swift in Sources */,
				C79F958920EE1B9900F8FC09 /* Color.swift in Sources */,
				C74F400620F48EC9006B2B7B /* NetworkTool.swift in Sources */,
				C7910D83210F0D95005EBFF0 /* NewsListModel.swift in Sources */,
				C7D0CF2C210EF71A00CD0D36 /* NewsListTableCell.swift in Sources */,
				C7910D8E210FF365005EBFF0 /* LZViewPagerContent.swift in Sources */,
				C7910D8D210FF365005EBFF0 /* LZViewPager.swift in Sources */,
				C79F951820EDF4CD00F8FC09 /* ViewController.swift in Sources */,
				C79F951620EDF4CD00F8FC09 /* AppDelegate.swift in Sources */,
				C7D0CF27210EF0CD00CD0D36 /* BaseViewController.swift in Sources */,
				C79F958520EE196E00F8FC09 /* Macro.swift in Sources */,
				C7910D8F210FF365005EBFF0 /* LZViewPagerHeader.swift in Sources */,
				C79F957720EE11C800F8FC09 /* WHSegmentView.swift in Sources */,
				C79F955020EDF70300F8FC09 /* FourthViewController.swift in Sources */,
				C7910D92210FF482005EBFF0 /* AllNewsViewController.swift in Sources */,
				C79F958D20EE23C900F8FC09 /* KKDeviceInfo.swift in Sources */,
				C79F954920EDF52300F8FC09 /* SecondViewController.swift in Sources */,
				C79F954B20EDF53100F8FC09 /* ThirdViewController.swift in Sources */,
				C74F400320F48C38006B2B7B /* LibHeader.swift in Sources */,
				C79F954720EDF51300F8FC09 /* FirstViewController.swift in Sources */,
				C79F958B20EE233100F8FC09 /* KKTools.swift in Sources */,
			);
			runOnlyForDeploymentPostprocessing = 0;
		};
		C79F952220EDF4CE00F8FC09 /* Sources */ = {
			isa = PBXSourcesBuildPhase;
			buildActionMask = 2147483647;
			files = (
				C79F952B20EDF4CE00F8FC09 /* Swift_demoTests.swift in Sources */,
			);
			runOnlyForDeploymentPostprocessing = 0;
		};
		C79F952D20EDF4CE00F8FC09 /* Sources */ = {
			isa = PBXSourcesBuildPhase;
			buildActionMask = 2147483647;
			files = (
				C79F953620EDF4CE00F8FC09 /* Swift_demoUITests.swift in Sources */,
			);
			runOnlyForDeploymentPostprocessing = 0;
		};
/* End PBXSourcesBuildPhase section */

/* Begin PBXTargetDependency section */
		C79F952820EDF4CE00F8FC09 /* PBXTargetDependency */ = {
			isa = PBXTargetDependency;
			target = C79F951120EDF4CD00F8FC09 /* Swift_demo */;
			targetProxy = C79F952720EDF4CE00F8FC09 /* PBXContainerItemProxy */;
		};
		C79F953320EDF4CE00F8FC09 /* PBXTargetDependency */ = {
			isa = PBXTargetDependency;
			target = C79F951120EDF4CD00F8FC09 /* Swift_demo */;
			targetProxy = C79F953220EDF4CE00F8FC09 /* PBXContainerItemProxy */;
		};
/* End PBXTargetDependency section */

/* Begin PBXVariantGroup section */
		C79F951920EDF4CD00F8FC09 /* Main.storyboard */ = {
			isa = PBXVariantGroup;
			children = (
				C79F951A20EDF4CD00F8FC09 /* Base */,
			);
			name = Main.storyboard;
			sourceTree = "<group>";
		};
		C79F951E20EDF4CE00F8FC09 /* LaunchScreen.storyboard */ = {
			isa = PBXVariantGroup;
			children = (
				C79F951F20EDF4CE00F8FC09 /* Base */,
			);
			name = LaunchScreen.storyboard;
			sourceTree = "<group>";
		};
/* End PBXVariantGroup section */

/* Begin XCBuildConfiguration section */
		C79F953820EDF4CE00F8FC09 /* Debug */ = {
			isa = XCBuildConfiguration;
			buildSettings = {
				ALWAYS_SEARCH_USER_PATHS = NO;
				CLANG_ANALYZER_NONNULL = YES;
				CLANG_ANALYZER_NUMBER_OBJECT_CONVERSION = YES_AGGRESSIVE;
				CLANG_CXX_LANGUAGE_STANDARD = "gnu++14";
				CLANG_CXX_LIBRARY = "libc++";
				CLANG_ENABLE_MODULES = YES;
				CLANG_ENABLE_OBJC_ARC = YES;
				CLANG_ENABLE_OBJC_WEAK = YES;
				CLANG_WARN_BLOCK_CAPTURE_AUTORELEASING = YES;
				CLANG_WARN_BOOL_CONVERSION = YES;
				CLANG_WARN_COMMA = YES;
				CLANG_WARN_CONSTANT_CONVERSION = YES;
				CLANG_WARN_DEPRECATED_OBJC_IMPLEMENTATIONS = YES;
				CLANG_WARN_DIRECT_OBJC_ISA_USAGE = YES_ERROR;
				CLANG_WARN_DOCUMENTATION_COMMENTS = YES;
				CLANG_WARN_EMPTY_BODY = YES;
				CLANG_WARN_ENUM_CONVERSION = YES;
				CLANG_WARN_INFINITE_RECURSION = YES;
				CLANG_WARN_INT_CONVERSION = YES;
				CLANG_WARN_NON_LITERAL_NULL_CONVERSION = YES;
				CLANG_WARN_OBJC_IMPLICIT_RETAIN_SELF = YES;
				CLANG_WARN_OBJC_LITERAL_CONVERSION = YES;
				CLANG_WARN_OBJC_ROOT_CLASS = YES_ERROR;
				CLANG_WARN_RANGE_LOOP_ANALYSIS = YES;
				CLANG_WARN_STRICT_PROTOTYPES = YES;
				CLANG_WARN_SUSPICIOUS_MOVE = YES;
				CLANG_WARN_UNGUARDED_AVAILABILITY = YES_AGGRESSIVE;
				CLANG_WARN_UNREACHABLE_CODE = YES;
				CLANG_WARN__DUPLICATE_METHOD_MATCH = YES;
				CODE_SIGN_IDENTITY = "iPhone Developer";
				COPY_PHASE_STRIP = NO;
				DEBUG_INFORMATION_FORMAT = dwarf;
				ENABLE_STRICT_OBJC_MSGSEND = YES;
				ENABLE_TESTABILITY = YES;
				GCC_C_LANGUAGE_STANDARD = gnu11;
				GCC_DYNAMIC_NO_PIC = NO;
				GCC_NO_COMMON_BLOCKS = YES;
				GCC_OPTIMIZATION_LEVEL = 0;
				GCC_PREPROCESSOR_DEFINITIONS = (
					"DEBUG=1",
					"$(inherited)",
				);
				GCC_WARN_64_TO_32_BIT_CONVERSION = YES;
				GCC_WARN_ABOUT_RETURN_TYPE = YES_ERROR;
				GCC_WARN_UNDECLARED_SELECTOR = YES;
				GCC_WARN_UNINITIALIZED_AUTOS = YES_AGGRESSIVE;
				GCC_WARN_UNUSED_FUNCTION = YES;
				GCC_WARN_UNUSED_VARIABLE = YES;
				IPHONEOS_DEPLOYMENT_TARGET = 11.3;
				MTL_ENABLE_DEBUG_INFO = YES;
				ONLY_ACTIVE_ARCH = YES;
				SDKROOT = iphoneos;
				SWIFT_ACTIVE_COMPILATION_CONDITIONS = DEBUG;
				SWIFT_OPTIMIZATION_LEVEL = "-Onone";
			};
			name = Debug;
		};
		C79F953920EDF4CE00F8FC09 /* Release */ = {
			isa = XCBuildConfiguration;
			buildSettings = {
				ALWAYS_SEARCH_USER_PATHS = NO;
				CLANG_ANALYZER_NONNULL = YES;
				CLANG_ANALYZER_NUMBER_OBJECT_CONVERSION = YES_AGGRESSIVE;
				CLANG_CXX_LANGUAGE_STANDARD = "gnu++14";
				CLANG_CXX_LIBRARY = "libc++";
				CLANG_ENABLE_MODULES = YES;
				CLANG_ENABLE_OBJC_ARC = YES;
				CLANG_ENABLE_OBJC_WEAK = YES;
				CLANG_WARN_BLOCK_CAPTURE_AUTORELEASING = YES;
				CLANG_WARN_BOOL_CONVERSION = YES;
				CLANG_WARN_COMMA = YES;
				CLANG_WARN_CONSTANT_CONVERSION = YES;
				CLANG_WARN_DEPRECATED_OBJC_IMPLEMENTATIONS = YES;
				CLANG_WARN_DIRECT_OBJC_ISA_USAGE = YES_ERROR;
				CLANG_WARN_DOCUMENTATION_COMMENTS = YES;
				CLANG_WARN_EMPTY_BODY = YES;
				CLANG_WARN_ENUM_CONVERSION = YES;
				CLANG_WARN_INFINITE_RECURSION = YES;
				CLANG_WARN_INT_CONVERSION = YES;
				CLANG_WARN_NON_LITERAL_NULL_CONVERSION = YES;
				CLANG_WARN_OBJC_IMPLICIT_RETAIN_SELF = YES;
				CLANG_WARN_OBJC_LITERAL_CONVERSION = YES;
				CLANG_WARN_OBJC_ROOT_CLASS = YES_ERROR;
				CLANG_WARN_RANGE_LOOP_ANALYSIS = YES;
				CLANG_WARN_STRICT_PROTOTYPES = YES;
				CLANG_WARN_SUSPICIOUS_MOVE = YES;
				CLANG_WARN_UNGUARDED_AVAILABILITY = YES_AGGRESSIVE;
				CLANG_WARN_UNREACHABLE_CODE = YES;
				CLANG_WARN__DUPLICATE_METHOD_MATCH = YES;
				CODE_SIGN_IDENTITY = "iPhone Developer";
				COPY_PHASE_STRIP = NO;
				DEBUG_INFORMATION_FORMAT = "dwarf-with-dsym";
				ENABLE_NS_ASSERTIONS = NO;
				ENABLE_STRICT_OBJC_MSGSEND = YES;
				GCC_C_LANGUAGE_STANDARD = gnu11;
				GCC_NO_COMMON_BLOCKS = YES;
				GCC_WARN_64_TO_32_BIT_CONVERSION = YES;
				GCC_WARN_ABOUT_RETURN_TYPE = YES_ERROR;
				GCC_WARN_UNDECLARED_SELECTOR = YES;
				GCC_WARN_UNINITIALIZED_AUTOS = YES_AGGRESSIVE;
				GCC_WARN_UNUSED_FUNCTION = YES;
				GCC_WARN_UNUSED_VARIABLE = YES;
				IPHONEOS_DEPLOYMENT_TARGET = 11.3;
				MTL_ENABLE_DEBUG_INFO = NO;
				SDKROOT = iphoneos;
				SWIFT_COMPILATION_MODE = wholemodule;
				SWIFT_OPTIMIZATION_LEVEL = "-O";
				VALIDATE_PRODUCT = YES;
			};
			name = Release;
		};
		C79F953B20EDF4CE00F8FC09 /* Debug */ = {
			isa = XCBuildConfiguration;
			baseConfigurationReference = FFF8C1241372D2A3201EBCEB /* Pods-Swift_demo.debug.xcconfig */;
			buildSettings = {
				ASSETCATALOG_COMPILER_APPICON_NAME = AppIcon;
				CODE_SIGN_STYLE = Automatic;
				GCC_INCREASE_PRECOMPILED_HEADER_SHARING = NO;
				INFOPLIST_FILE = Swift_demo/Info.plist;
				IPHONEOS_DEPLOYMENT_TARGET = 9.0;
				LD_RUNPATH_SEARCH_PATHS = (
					"$(inherited)",
					"@executable_path/Frameworks",
				);
				PRODUCT_BUNDLE_IDENTIFIER = "test.Swift-demo";
				PRODUCT_NAME = "$(TARGET_NAME)";
				SWIFT_VERSION = 4.0;
				TARGETED_DEVICE_FAMILY = "1,2";
			};
			name = Debug;
		};
		C79F953C20EDF4CE00F8FC09 /* Release */ = {
			isa = XCBuildConfiguration;
			baseConfigurationReference = B7A1DF18BE037D9C5443DD4F /* Pods-Swift_demo.release.xcconfig */;
			buildSettings = {
				ASSETCATALOG_COMPILER_APPICON_NAME = AppIcon;
				CODE_SIGN_STYLE = Automatic;
				GCC_INCREASE_PRECOMPILED_HEADER_SHARING = NO;
				INFOPLIST_FILE = Swift_demo/Info.plist;
				IPHONEOS_DEPLOYMENT_TARGET = 9.0;
				LD_RUNPATH_SEARCH_PATHS = (
					"$(inherited)",
					"@executable_path/Frameworks",
				);
				PRODUCT_BUNDLE_IDENTIFIER = "test.Swift-demo";
				PRODUCT_NAME = "$(TARGET_NAME)";
				SWIFT_VERSION = 4.0;
				TARGETED_DEVICE_FAMILY = "1,2";
			};
			name = Release;
		};
		C79F953E20EDF4CE00F8FC09 /* Debug */ = {
			isa = XCBuildConfiguration;
			buildSettings = {
				ALWAYS_EMBED_SWIFT_STANDARD_LIBRARIES = YES;
				BUNDLE_LOADER = "$(TEST_HOST)";
				CODE_SIGN_STYLE = Automatic;
				INFOPLIST_FILE = Swift_demoTests/Info.plist;
				LD_RUNPATH_SEARCH_PATHS = (
					"$(inherited)",
					"@executable_path/Frameworks",
					"@loader_path/Frameworks",
				);
				PRODUCT_BUNDLE_IDENTIFIER = "test.Swift-demoTests";
				PRODUCT_NAME = "$(TARGET_NAME)";
				SWIFT_VERSION = 4.0;
				TARGETED_DEVICE_FAMILY = "1,2";
				TEST_HOST = "$(BUILT_PRODUCTS_DIR)/Swift_demo.app/Swift_demo";
			};
			name = Debug;
		};
		C79F953F20EDF4CE00F8FC09 /* Release */ = {
			isa = XCBuildConfiguration;
			buildSettings = {
				ALWAYS_EMBED_SWIFT_STANDARD_LIBRARIES = YES;
				BUNDLE_LOADER = "$(TEST_HOST)";
				CODE_SIGN_STYLE = Automatic;
				INFOPLIST_FILE = Swift_demoTests/Info.plist;
				LD_RUNPATH_SEARCH_PATHS = (
					"$(inherited)",
					"@executable_path/Frameworks",
					"@loader_path/Frameworks",
				);
				PRODUCT_BUNDLE_IDENTIFIER = "test.Swift-demoTests";
				PRODUCT_NAME = "$(TARGET_NAME)";
				SWIFT_VERSION = 4.0;
				TARGETED_DEVICE_FAMILY = "1,2";
				TEST_HOST = "$(BUILT_PRODUCTS_DIR)/Swift_demo.app/Swift_demo";
			};
			name = Release;
		};
		C79F954120EDF4CE00F8FC09 /* Debug */ = {
			isa = XCBuildConfiguration;
			buildSettings = {
				ALWAYS_EMBED_SWIFT_STANDARD_LIBRARIES = YES;
				CODE_SIGN_STYLE = Automatic;
				INFOPLIST_FILE = Swift_demoUITests/Info.plist;
				LD_RUNPATH_SEARCH_PATHS = (
					"$(inherited)",
					"@executable_path/Frameworks",
					"@loader_path/Frameworks",
				);
				PRODUCT_BUNDLE_IDENTIFIER = "test.Swift-demoUITests";
				PRODUCT_NAME = "$(TARGET_NAME)";
				SWIFT_VERSION = 4.0;
				TARGETED_DEVICE_FAMILY = "1,2";
				TEST_TARGET_NAME = Swift_demo;
			};
			name = Debug;
		};
		C79F954220EDF4CE00F8FC09 /* Release */ = {
			isa = XCBuildConfiguration;
			buildSettings = {
				ALWAYS_EMBED_SWIFT_STANDARD_LIBRARIES = YES;
				CODE_SIGN_STYLE = Automatic;
				INFOPLIST_FILE = Swift_demoUITests/Info.plist;
				LD_RUNPATH_SEARCH_PATHS = (
					"$(inherited)",
					"@executable_path/Frameworks",
					"@loader_path/Frameworks",
				);
				PRODUCT_BUNDLE_IDENTIFIER = "test.Swift-demoUITests";
				PRODUCT_NAME = "$(TARGET_NAME)";
				SWIFT_VERSION = 4.0;
				TARGETED_DEVICE_FAMILY = "1,2";
				TEST_TARGET_NAME = Swift_demo;
			};
			name = Release;
		};
/* End XCBuildConfiguration section */

/* Begin XCConfigurationList section */
		C79F950D20EDF4CD00F8FC09 /* Build configuration list for PBXProject "Swift_demo" */ = {
			isa = XCConfigurationList;
			buildConfigurations = (
				C79F953820EDF4CE00F8FC09 /* Debug */,
				C79F953920EDF4CE00F8FC09 /* Release */,
			);
			defaultConfigurationIsVisible = 0;
			defaultConfigurationName = Release;
		};
		C79F953A20EDF4CE00F8FC09 /* Build configuration list for PBXNativeTarget "Swift_demo" */ = {
			isa = XCConfigurationList;
			buildConfigurations = (
				C79F953B20EDF4CE00F8FC09 /* Debug */,
				C79F953C20EDF4CE00F8FC09 /* Release */,
			);
			defaultConfigurationIsVisible = 0;
			defaultConfigurationName = Release;
		};
		C79F953D20EDF4CE00F8FC09 /* Build configuration list for PBXNativeTarget "Swift_demoTests" */ = {
			isa = XCConfigurationList;
			buildConfigurations = (
				C79F953E20EDF4CE00F8FC09 /* Debug */,
				C79F953F20EDF4CE00F8FC09 /* Release */,
			);
			defaultConfigurationIsVisible = 0;
			defaultConfigurationName = Release;
		};
		C79F954020EDF4CE00F8FC09 /* Build configuration list for PBXNativeTarget "Swift_demoUITests" */ = {
			isa = XCConfigurationList;
			buildConfigurations = (
				C79F954120EDF4CE00F8FC09 /* Debug */,
				C79F954220EDF4CE00F8FC09 /* Release */,
			);
			defaultConfigurationIsVisible = 0;
			defaultConfigurationName = Release;
		};
/* End XCConfigurationList section */
	};
	rootObject = C79F950A20EDF4CD00F8FC09 /* Project object */;
}
